
Microsoft Visual Studio Solution File, Format Version 12.00
# Visual Studio 15
VisualStudioVersion = 15.0.26124.0
MinimumVisualStudioVersion = 15.0.26124.0
Project("{FAE04EC0-301F-11D3-BF4B-00C04F79EFBC}") = "Domain", "Domain\Domain.csproj", "{146AC22F-FA41-46C9-B7D5-406DA16E83EF}"
EndProject
Project("{FAE04EC0-301F-11D3-BF4B-00C04F79EFBC}") = "Application", "Application\Application.csproj", "{D7D3AEC5-A9A5-4AC4-A34F-654AC8CEFC7C}"
EndProject
Project("{FAE04EC0-301F-11D3-BF4B-00C04F79EFBC}") = "Persistence", "Persistence\Persistence.csproj", "{FAA75E6F-153B-40B2-B5C1-8CE420CF9767}"
EndProject
Project("{FAE04EC0-301F-11D3-BF4B-00C04F79EFBC}") = "API", "API\API.csproj", "{79F8B5FD-79BF-46C2-B5B1-6DA573378CB5}"
EndProject
Global
	GlobalSection(SolutionConfigurationPlatforms) = preSolution
		Debug|Any CPU = Debug|Any CPU
		Debug|x64 = Debug|x64
		Debug|x86 = Debug|x86
		Release|Any CPU = Release|Any CPU
		Release|x64 = Release|x64
		Release|x86 = Release|x86
	EndGlobalSection
	GlobalSection(SolutionProperties) = preSolution
		HideSolutionNode = FALSE
	EndGlobalSection
	GlobalSection(ProjectConfigurationPlatforms) = postSolution
		{146AC22F-FA41-46C9-B7D5-406DA16E83EF}.Debug|Any CPU.ActiveCfg = Debug|Any CPU
		{146AC22F-FA41-46C9-B7D5-406DA16E83EF}.Debug|Any CPU.Build.0 = Debug|Any CPU
		{146AC22F-FA41-46C9-B7D5-406DA16E83EF}.Debug|x64.ActiveCfg = Debug|Any CPU
		{146AC22F-FA41-46C9-B7D5-406DA16E83EF}.Debug|x64.Build.0 = Debug|Any CPU
		{146AC22F-FA41-46C9-B7D5-406DA16E83EF}.Debug|x86.ActiveCfg = Debug|Any CPU
		{146AC22F-FA41-46C9-B7D5-406DA16E83EF}.Debug|x86.Build.0 = Debug|Any CPU
		{146AC22F-FA41-46C9-B7D5-406DA16E83EF}.Release|Any CPU.ActiveCfg = Release|Any CPU
		{146AC22F-FA41-46C9-B7D5-406DA16E83EF}.Release|Any CPU.Build.0 = Release|Any CPU
		{146AC22F-FA41-46C9-B7D5-406DA16E83EF}.Release|x64.ActiveCfg = Release|Any CPU
		{146AC22F-FA41-46C9-B7D5-406DA16E83EF}.Release|x64.Build.0 = Release|Any CPU
		{146AC22F-FA41-46C9-B7D5-406DA16E83EF}.Release|x86.ActiveCfg = Release|Any CPU
		{146AC22F-FA41-46C9-B7D5-406DA16E83EF}.Release|x86.Build.0 = Release|Any CPU
		{D7D3AEC5-A9A5-4AC4-A34F-654AC8CEFC7C}.Debug|Any CPU.ActiveCfg = Debug|Any CPU
		{D7D3AEC5-A9A5-4AC4-A34F-654AC8CEFC7C}.Debug|Any CPU.Build.0 = Debug|Any CPU
		{D7D3AEC5-A9A5-4AC4-A34F-654AC8CEFC7C}.Debug|x64.ActiveCfg = Debug|Any CPU
		{D7D3AEC5-A9A5-4AC4-A34F-654AC8CEFC7C}.Debug|x64.Build.0 = Debug|Any CPU
		{D7D3AEC5-A9A5-4AC4-A34F-654AC8CEFC7C}.Debug|x86.ActiveCfg = Debug|Any CPU
		{D7D3AEC5-A9A5-4AC4-A34F-654AC8CEFC7C}.Debug|x86.Build.0 = Debug|Any CPU
		{D7D3AEC5-A9A5-4AC4-A34F-654AC8CEFC7C}.Release|Any CPU.ActiveCfg = Release|Any CPU
		{D7D3AEC5-A9A5-4AC4-A34F-654AC8CEFC7C}.Release|Any CPU.Build.0 = Release|Any CPU
		{D7D3AEC5-A9A5-4AC4-A34F-654AC8CEFC7C}.Release|x64.ActiveCfg = Release|Any CPU
		{D7D3AEC5-A9A5-4AC4-A34F-654AC8CEFC7C}.Release|x64.Build.0 = Release|Any CPU
		{D7D3AEC5-A9A5-4AC4-A34F-654AC8CEFC7C}.Release|x86.ActiveCfg = Release|Any CPU
		{D7D3AEC5-A9A5-4AC4-A34F-654AC8CEFC7C}.Release|x86.Build.0 = Release|Any CPU
		{FAA75E6F-153B-40B2-B5C1-8CE420CF9767}.Debug|Any CPU.ActiveCfg = Debug|Any CPU
		{FAA75E6F-153B-40B2-B5C1-8CE420CF9767}.Debug|Any CPU.Build.0 = Debug|Any CPU
		{FAA75E6F-153B-40B2-B5C1-8CE420CF9767}.Debug|x64.ActiveCfg = Debug|Any CPU
		{FAA75E6F-153B-40B2-B5C1-8CE420CF9767}.Debug|x64.Build.0 = Debug|Any CPU
		{FAA75E6F-153B-40B2-B5C1-8CE420CF9767}.Debug|x86.ActiveCfg = Debug|Any CPU
		{FAA75E6F-153B-40B2-B5C1-8CE420CF9767}.Debug|x86.Build.0 = Debug|Any CPU
		{FAA75E6F-153B-40B2-B5C1-8CE420CF9767}.Release|Any CPU.ActiveCfg = Release|Any CPU
		{FAA75E6F-153B-40B2-B5C1-8CE420CF9767}.Release|Any CPU.Build.0 = Release|Any CPU
		{FAA75E6F-153B-40B2-B5C1-8CE420CF9767}.Release|x64.ActiveCfg = Release|Any CPU
		{FAA75E6F-153B-40B2-B5C1-8CE420CF9767}.Release|x64.Build.0 = Release|Any CPU
		{FAA75E6F-153B-40B2-B5C1-8CE420CF9767}.Release|x86.ActiveCfg = Release|Any CPU
		{FAA75E6F-153B-40B2-B5C1-8CE420CF9767}.Release|x86.Build.0 = Release|Any CPU
		{79F8B5FD-79BF-46C2-B5B1-6DA573378CB5}.Debug|Any CPU.ActiveCfg = Debug|Any CPU
		{79F8B5FD-79BF-46C2-B5B1-6DA573378CB5}.Debug|Any CPU.Build.0 = Debug|Any CPU
		{79F8B5FD-79BF-46C2-B5B1-6DA573378CB5}.Debug|x64.ActiveCfg = Debug|Any CPU
		{79F8B5FD-79BF-46C2-B5B1-6DA573378CB5}.Debug|x64.Build.0 = Debug|Any CPU
		{79F8B5FD-79BF-46C2-B5B1-6DA573378CB5}.Debug|x86.ActiveCfg = Debug|Any CPU
		{79F8B5FD-79BF-46C2-B5B1-6DA573378CB5}.Debug|x86.Build.0 = Debug|Any CPU
		{79F8B5FD-79BF-46C2-B5B1-6DA573378CB5}.Release|Any CPU.ActiveCfg = Release|Any CPU
		{79F8B5FD-79BF-46C2-B5B1-6DA573378CB5}.Release|Any CPU.Build.0 = Release|Any CPU
		{79F8B5FD-79BF-46C2-B5B1-6DA573378CB5}.Release|x64.ActiveCfg = Release|Any CPU
		{79F8B5FD-79BF-46C2-B5B1-6DA573378CB5}.Release|x64.Build.0 = Release|Any CPU
		{79F8B5FD-79BF-46C2-B5B1-6DA573378CB5}.Release|x86.ActiveCfg = Release|Any CPU
		{79F8B5FD-79BF-46C2-B5B1-6DA573378CB5}.Release|x86.Build.0 = Release|Any CPU
	EndGlobalSection
EndGlobal
